
Microsoft Visual Studio Solution File, Format Version 12.00
# Visual Studio Version 17
VisualStudioVersion = 17.2.32630.192
MinimumVisualStudioVersion = 10.0.40219.1
Project("{FAE04EC0-301F-11D3-BF4B-00C04F79EFBC}") = "UPprog", "UPprog\UPprog.csproj", "{004E2522-FD20-4F7A-B6C7-4590B5B6B016}"
EndProject
Global
	GlobalSection(SolutionConfigurationPlatforms) = preSolution
		Debug|Any CPU = Debug|Any CPU
		Release|Any CPU = Release|Any CPU
	EndGlobalSection
	GlobalSection(ProjectConfigurationPlatforms) = postSolution
		{004E2522-FD20-4F7A-B6C7-4590B5B6B016}.Debug|Any CPU.ActiveCfg = Debug|Any CPU
		{004E2522-FD20-4F7A-B6C7-4590B5B6B016}.Debug|Any CPU.Build.0 = Debug|Any CPU
		{004E2522-FD20-4F7A-B6C7-4590B5B6B016}.Release|Any CPU.ActiveCfg = Release|Any CPU
		{004E2522-FD20-4F7A-B6C7-4590B5B6B016}.Release|Any CPU.Build.0 = Release|Any CPU
	EndGlobalSection
	GlobalSection(SolutionProperties) = preSolution
		HideSolutionNode = FALSE
	EndGlobalSection
	GlobalSection(ExtensibilityGlobals) = postSolution
		SolutionGuid = {5B7C80F6-AA01-4DB0-8D6B-FC5880517E19}
	EndGlobalSection
EndGlobal
